
Microsoft Visual Studio Solution File, Format Version 12.00
# Visual Studio Version 16
VisualStudioVersion = 16.0.30204.135
MinimumVisualStudioVersion = 10.0.40219.1
Project("{9A19103F-16F7-4668-BE54-9A1E7A4F7556}") = "wms-shared", "wms-shared.csproj", "{217C3C7E-C777-40DA-B78F-4B203DA5D79F}"
EndProject
Global
	GlobalSection(SolutionConfigurationPlatforms) = preSolution
		Debug|Any CPU = Debug|Any CPU
		Release|Any CPU = Release|Any CPU
	EndGlobalSection
	GlobalSection(ProjectConfigurationPlatforms) = postSolution
		{217C3C7E-C777-40DA-B78F-4B203DA5D79F}.Debug|Any CPU.ActiveCfg = Debug|Any CPU
		{217C3C7E-C777-40DA-B78F-4B203DA5D79F}.Debug|Any CPU.Build.0 = Debug|Any CPU
		{217C3C7E-C777-40DA-B78F-4B203DA5D79F}.Release|Any CPU.ActiveCfg = Release|Any CPU
		{217C3C7E-C777-40DA-B78F-4B203DA5D79F}.Release|Any CPU.Build.0 = Release|Any CPU
	EndGlobalSection
	GlobalSection(SolutionProperties) = preSolution
		HideSolutionNode = FALSE
	EndGlobalSection
	GlobalSection(ExtensibilityGlobals) = postSolution
		SolutionGuid = {5E0CD3DD-2634-48B2-A3E6-9066A46FA764}
	EndGlobalSection
EndGlobal
